
Microsoft Visual Studio Solution File, Format Version 12.00
# Visual Studio 15
VisualStudioVersion = 15.0.28010.2048
MinimumVisualStudioVersion = 10.0.40219.1
Project("{FAE04EC0-301F-11D3-BF4B-00C04F79EFBC}") = "Project2", "Project2\Project2.csproj", "{70295734-C6B1-43A1-9DC0-4B88FD0EC8E3}"
EndProject
Project("{FAE04EC0-301F-11D3-BF4B-00C04F79EFBC}") = "Project2Test", "Project2Test\Project2Test.csproj", "{AE856FBD-DE95-4368-8824-0FFE6A8B1BA4}"
EndProject
Global
	GlobalSection(SolutionConfigurationPlatforms) = preSolution
		Debug|Any CPU = Debug|Any CPU
		Release|Any CPU = Release|Any CPU
	EndGlobalSection
	GlobalSection(ProjectConfigurationPlatforms) = postSolution
		{70295734-C6B1-43A1-9DC0-4B88FD0EC8E3}.Debug|Any CPU.ActiveCfg = Debug|Any CPU
		{70295734-C6B1-43A1-9DC0-4B88FD0EC8E3}.Debug|Any CPU.Build.0 = Debug|Any CPU
		{70295734-C6B1-43A1-9DC0-4B88FD0EC8E3}.Release|Any CPU.ActiveCfg = Release|Any CPU
		{70295734-C6B1-43A1-9DC0-4B88FD0EC8E3}.Release|Any CPU.Build.0 = Release|Any CPU
		{AE856FBD-DE95-4368-8824-0FFE6A8B1BA4}.Debug|Any CPU.ActiveCfg = Debug|Any CPU
		{AE856FBD-DE95-4368-8824-0FFE6A8B1BA4}.Debug|Any CPU.Build.0 = Debug|Any CPU
		{AE856FBD-DE95-4368-8824-0FFE6A8B1BA4}.Release|Any CPU.ActiveCfg = Release|Any CPU
		{AE856FBD-DE95-4368-8824-0FFE6A8B1BA4}.Release|Any CPU.Build.0 = Release|Any CPU
	EndGlobalSection
	GlobalSection(SolutionProperties) = preSolution
		HideSolutionNode = FALSE
	EndGlobalSection
	GlobalSection(ExtensibilityGlobals) = postSolution
		SolutionGuid = {ACB98B01-E33B-4E88-983A-F22BE2587C69}
	EndGlobalSection
EndGlobal
